
Microsoft Visual Studio Solution File, Format Version 12.00
# Visual Studio Version 16
VisualStudioVersion = 16.0.31911.196
MinimumVisualStudioVersion = 10.0.40219.1
Project("{FAE04EC0-301F-11D3-BF4B-00C04F79EFBC}") = "ConsoleAppTryCatch", "ConsoleAppTryCatch\ConsoleAppTryCatch.csproj", "{2ECEA40D-66F5-4966-A672-93031425CFD4}"
EndProject
Global
	GlobalSection(SolutionConfigurationPlatforms) = preSolution
		Debug|Any CPU = Debug|Any CPU
		Release|Any CPU = Release|Any CPU
	EndGlobalSection
	GlobalSection(ProjectConfigurationPlatforms) = postSolution
		{2ECEA40D-66F5-4966-A672-93031425CFD4}.Debug|Any CPU.ActiveCfg = Debug|Any CPU
		{2ECEA40D-66F5-4966-A672-93031425CFD4}.Debug|Any CPU.Build.0 = Debug|Any CPU
		{2ECEA40D-66F5-4966-A672-93031425CFD4}.Release|Any CPU.ActiveCfg = Release|Any CPU
		{2ECEA40D-66F5-4966-A672-93031425CFD4}.Release|Any CPU.Build.0 = Release|Any CPU
	EndGlobalSection
	GlobalSection(SolutionProperties) = preSolution
		HideSolutionNode = FALSE
	EndGlobalSection
	GlobalSection(ExtensibilityGlobals) = postSolution
		SolutionGuid = {ABE98F8E-2E69-496C-A63A-B125291BF3E6}
	EndGlobalSection
EndGlobal
